
Microsoft Visual Studio Solution File, Format Version 12.00
# Visual Studio 14
VisualStudioVersion = 14.0.25420.1
MinimumVisualStudioVersion = 10.0.40219.1
Project("{FAE04EC0-301F-11D3-BF4B-00C04F79EFBC}") = "SheetPrintTool", "SheetPrintTool\SheetPrintTool.csproj", "{F7873661-99BD-4DF7-AD79-BC26A3F27C0C}"
EndProject
Project("{FAE04EC0-301F-11D3-BF4B-00C04F79EFBC}") = "PrinterHelper", "PrinterHelper\PrinterHelper.csproj", "{E552528D-5669-4838-8B45-EAB9B29B8939}"
EndProject
Global
	GlobalSection(SolutionConfigurationPlatforms) = preSolution
		Debug|Any CPU = Debug|Any CPU
		Release|Any CPU = Release|Any CPU
	EndGlobalSection
	GlobalSection(ProjectConfigurationPlatforms) = postSolution
		{F7873661-99BD-4DF7-AD79-BC26A3F27C0C}.Debug|Any CPU.ActiveCfg = Debug|Any CPU
		{F7873661-99BD-4DF7-AD79-BC26A3F27C0C}.Debug|Any CPU.Build.0 = Debug|Any CPU
		{F7873661-99BD-4DF7-AD79-BC26A3F27C0C}.Release|Any CPU.ActiveCfg = Release|Any CPU
		{F7873661-99BD-4DF7-AD79-BC26A3F27C0C}.Release|Any CPU.Build.0 = Release|Any CPU
		{E552528D-5669-4838-8B45-EAB9B29B8939}.Debug|Any CPU.ActiveCfg = Debug|Any CPU
		{E552528D-5669-4838-8B45-EAB9B29B8939}.Debug|Any CPU.Build.0 = Debug|Any CPU
		{E552528D-5669-4838-8B45-EAB9B29B8939}.Release|Any CPU.ActiveCfg = Release|Any CPU
		{E552528D-5669-4838-8B45-EAB9B29B8939}.Release|Any CPU.Build.0 = Release|Any CPU
	EndGlobalSection
	GlobalSection(SolutionProperties) = preSolution
		HideSolutionNode = FALSE
	EndGlobalSection
EndGlobal
