
Microsoft Visual Studio Solution File, Format Version 12.00
# Visual Studio 15
VisualStudioVersion = 15.0.26430.6
MinimumVisualStudioVersion = 10.0.40219.1
Project("{FAE04EC0-301F-11D3-BF4B-00C04F79EFBC}") = "PrinterHelper", "PrinterHelper\PrinterHelper.csproj", "{E552528D-5669-4838-8B45-EAB9B29B8939}"
EndProject
Project("{FAE04EC0-301F-11D3-BF4B-00C04F79EFBC}") = "SheetPrinter", "SheetPrinter\SheetPrinter.csproj", "{F7873661-99BD-4DF7-AD79-BC26A3F27C0C}"
EndProject
Project("{FAE04EC0-301F-11D3-BF4B-00C04F79EFBC}") = "SheetPrinter.Core", "SheetPrinter.Core\SheetPrinter.Core.csproj", "{7C115C73-0D64-49F8-B282-D2933B321C1E}"
EndProject
Project("{FAE04EC0-301F-11D3-BF4B-00C04F79EFBC}") = "SheetPrinter.Plugin.Default", "SheetPrinter.Plugin.Default\SheetPrinter.Plugin.Default.csproj", "{68B54B26-E9EF-431E-B356-A397A11755E7}"
EndProject
Project("{FAE04EC0-301F-11D3-BF4B-00C04F79EFBC}") = "SheetPrinterTests", "SheetPrinterTests\SheetPrinterTests.csproj", "{E8E56035-87BE-4D15-9C49-DCD79EEEAE0D}"
EndProject
Global
	GlobalSection(SolutionConfigurationPlatforms) = preSolution
		Debug|Any CPU = Debug|Any CPU
		Release|Any CPU = Release|Any CPU
	EndGlobalSection
	GlobalSection(ProjectConfigurationPlatforms) = postSolution
		{E552528D-5669-4838-8B45-EAB9B29B8939}.Debug|Any CPU.ActiveCfg = Debug|Any CPU
		{E552528D-5669-4838-8B45-EAB9B29B8939}.Debug|Any CPU.Build.0 = Debug|Any CPU
		{E552528D-5669-4838-8B45-EAB9B29B8939}.Release|Any CPU.ActiveCfg = Release|Any CPU
		{E552528D-5669-4838-8B45-EAB9B29B8939}.Release|Any CPU.Build.0 = Release|Any CPU
		{F7873661-99BD-4DF7-AD79-BC26A3F27C0C}.Debug|Any CPU.ActiveCfg = Debug|Any CPU
		{F7873661-99BD-4DF7-AD79-BC26A3F27C0C}.Debug|Any CPU.Build.0 = Debug|Any CPU
		{F7873661-99BD-4DF7-AD79-BC26A3F27C0C}.Release|Any CPU.ActiveCfg = Release|Any CPU
		{F7873661-99BD-4DF7-AD79-BC26A3F27C0C}.Release|Any CPU.Build.0 = Release|Any CPU
		{7C115C73-0D64-49F8-B282-D2933B321C1E}.Debug|Any CPU.ActiveCfg = Debug|Any CPU
		{7C115C73-0D64-49F8-B282-D2933B321C1E}.Debug|Any CPU.Build.0 = Debug|Any CPU
		{7C115C73-0D64-49F8-B282-D2933B321C1E}.Release|Any CPU.ActiveCfg = Release|Any CPU
		{7C115C73-0D64-49F8-B282-D2933B321C1E}.Release|Any CPU.Build.0 = Release|Any CPU
		{68B54B26-E9EF-431E-B356-A397A11755E7}.Debug|Any CPU.ActiveCfg = Debug|Any CPU
		{68B54B26-E9EF-431E-B356-A397A11755E7}.Debug|Any CPU.Build.0 = Debug|Any CPU
		{68B54B26-E9EF-431E-B356-A397A11755E7}.Release|Any CPU.ActiveCfg = Release|Any CPU
		{68B54B26-E9EF-431E-B356-A397A11755E7}.Release|Any CPU.Build.0 = Release|Any CPU
		{E8E56035-87BE-4D15-9C49-DCD79EEEAE0D}.Debug|Any CPU.ActiveCfg = Debug|Any CPU
		{E8E56035-87BE-4D15-9C49-DCD79EEEAE0D}.Debug|Any CPU.Build.0 = Debug|Any CPU
		{E8E56035-87BE-4D15-9C49-DCD79EEEAE0D}.Release|Any CPU.ActiveCfg = Release|Any CPU
		{E8E56035-87BE-4D15-9C49-DCD79EEEAE0D}.Release|Any CPU.Build.0 = Release|Any CPU
	EndGlobalSection
	GlobalSection(SolutionProperties) = preSolution
		HideSolutionNode = FALSE
	EndGlobalSection
EndGlobal
